
Microsoft Visual Studio Solution File, Format Version 12.00
# Visual Studio Version 16
VisualStudioVersion = 16.0.31025.194
MinimumVisualStudioVersion = 10.0.40219.1
Project("{9A19103F-16F7-4668-BE54-9A1E7A4F7556}") = "ReactDemo", "ReactDemo\ReactDemo.csproj", "{B6D72F2D-6273-47C3-9BEF-0F38E048A137}"
EndProject
Project("{9A19103F-16F7-4668-BE54-9A1E7A4F7556}") = "Data", "Data\Data.csproj", "{4DC3EE17-426A-4373-93C3-630B2EEBFF98}"
EndProject
Project("{FAE04EC0-301F-11D3-BF4B-00C04F79EFBC}") = "Tests", "Tests\Tests.csproj", "{62C9DE2D-22D4-42A9-866F-68C2ED9646CE}"
EndProject
Global
	GlobalSection(SolutionConfigurationPlatforms) = preSolution
		Debug|Any CPU = Debug|Any CPU
		Release|Any CPU = Release|Any CPU
	EndGlobalSection
	GlobalSection(ProjectConfigurationPlatforms) = postSolution
		{B6D72F2D-6273-47C3-9BEF-0F38E048A137}.Debug|Any CPU.ActiveCfg = Debug|Any CPU
		{B6D72F2D-6273-47C3-9BEF-0F38E048A137}.Debug|Any CPU.Build.0 = Debug|Any CPU
		{B6D72F2D-6273-47C3-9BEF-0F38E048A137}.Release|Any CPU.ActiveCfg = Release|Any CPU
		{B6D72F2D-6273-47C3-9BEF-0F38E048A137}.Release|Any CPU.Build.0 = Release|Any CPU
		{4DC3EE17-426A-4373-93C3-630B2EEBFF98}.Debug|Any CPU.ActiveCfg = Debug|Any CPU
		{4DC3EE17-426A-4373-93C3-630B2EEBFF98}.Debug|Any CPU.Build.0 = Debug|Any CPU
		{4DC3EE17-426A-4373-93C3-630B2EEBFF98}.Release|Any CPU.ActiveCfg = Release|Any CPU
		{4DC3EE17-426A-4373-93C3-630B2EEBFF98}.Release|Any CPU.Build.0 = Release|Any CPU
		{62C9DE2D-22D4-42A9-866F-68C2ED9646CE}.Debug|Any CPU.ActiveCfg = Debug|Any CPU
		{62C9DE2D-22D4-42A9-866F-68C2ED9646CE}.Debug|Any CPU.Build.0 = Debug|Any CPU
		{62C9DE2D-22D4-42A9-866F-68C2ED9646CE}.Release|Any CPU.ActiveCfg = Release|Any CPU
		{62C9DE2D-22D4-42A9-866F-68C2ED9646CE}.Release|Any CPU.Build.0 = Release|Any CPU
	EndGlobalSection
	GlobalSection(SolutionProperties) = preSolution
		HideSolutionNode = FALSE
	EndGlobalSection
	GlobalSection(ExtensibilityGlobals) = postSolution
		SolutionGuid = {74DFB228-37D5-4099-8F10-C74235951361}
	EndGlobalSection
EndGlobal
